
Microsoft Visual Studio Solution File, Format Version 12.00
# Visual Studio Version 17
VisualStudioVersion = 17.1.32414.318
MinimumVisualStudioVersion = 10.0.40219.1
Project("{FAE04EC0-301F-11D3-BF4B-00C04F79EFBC}") = "EcommerceSiteDemo", "EcommerceSiteDemo.csproj", "{D5629921-9172-459C-A3FC-CEDF2A016FE7}"
EndProject
Project("{FAE04EC0-301F-11D3-BF4B-00C04F79EFBC}") = "EcommerceSiteDemo.Data", "..\EcommerceSiteDemo.Data\EcommerceSiteDemo.Data.csproj", "{BB363C83-3867-4615-993A-DB92E7F7782C}"
EndProject
Project("{FAE04EC0-301F-11D3-BF4B-00C04F79EFBC}") = "EcommerceSiteDemo.Core", "..\EcommerceSiteDemo.Core\EcommerceSiteDemo.Core.csproj", "{B7012134-2E53-476C-BEF8-6F18DE82AF29}"
EndProject
Project("{FAE04EC0-301F-11D3-BF4B-00C04F79EFBC}") = "EcommerceSiteDemo.Shared", "..\EcommerceSiteDemo.Shared\EcommerceSiteDemo.Shared.csproj", "{95F2854D-AD83-466A-A2C9-CFB236F417FA}"
EndProject
Global
	GlobalSection(SolutionConfigurationPlatforms) = preSolution
		Debug|Any CPU = Debug|Any CPU
		Release|Any CPU = Release|Any CPU
	EndGlobalSection
	GlobalSection(ProjectConfigurationPlatforms) = postSolution
		{D5629921-9172-459C-A3FC-CEDF2A016FE7}.Debug|Any CPU.ActiveCfg = Debug|Any CPU
		{D5629921-9172-459C-A3FC-CEDF2A016FE7}.Debug|Any CPU.Build.0 = Debug|Any CPU
		{D5629921-9172-459C-A3FC-CEDF2A016FE7}.Release|Any CPU.ActiveCfg = Release|Any CPU
		{D5629921-9172-459C-A3FC-CEDF2A016FE7}.Release|Any CPU.Build.0 = Release|Any CPU
		{BB363C83-3867-4615-993A-DB92E7F7782C}.Debug|Any CPU.ActiveCfg = Debug|Any CPU
		{BB363C83-3867-4615-993A-DB92E7F7782C}.Debug|Any CPU.Build.0 = Debug|Any CPU
		{BB363C83-3867-4615-993A-DB92E7F7782C}.Release|Any CPU.ActiveCfg = Release|Any CPU
		{BB363C83-3867-4615-993A-DB92E7F7782C}.Release|Any CPU.Build.0 = Release|Any CPU
		{B7012134-2E53-476C-BEF8-6F18DE82AF29}.Debug|Any CPU.ActiveCfg = Debug|Any CPU
		{B7012134-2E53-476C-BEF8-6F18DE82AF29}.Debug|Any CPU.Build.0 = Debug|Any CPU
		{B7012134-2E53-476C-BEF8-6F18DE82AF29}.Release|Any CPU.ActiveCfg = Release|Any CPU
		{B7012134-2E53-476C-BEF8-6F18DE82AF29}.Release|Any CPU.Build.0 = Release|Any CPU
		{95F2854D-AD83-466A-A2C9-CFB236F417FA}.Debug|Any CPU.ActiveCfg = Debug|Any CPU
		{95F2854D-AD83-466A-A2C9-CFB236F417FA}.Debug|Any CPU.Build.0 = Debug|Any CPU
		{95F2854D-AD83-466A-A2C9-CFB236F417FA}.Release|Any CPU.ActiveCfg = Release|Any CPU
		{95F2854D-AD83-466A-A2C9-CFB236F417FA}.Release|Any CPU.Build.0 = Release|Any CPU
	EndGlobalSection
	GlobalSection(SolutionProperties) = preSolution
		HideSolutionNode = FALSE
	EndGlobalSection
	GlobalSection(ExtensibilityGlobals) = postSolution
		SolutionGuid = {86E52C4F-5D92-411D-95D4-A2925C7B53F7}
	EndGlobalSection
EndGlobal
